
Microsoft Visual Studio Solution File, Format Version 12.00
# Visual Studio 15
VisualStudioVersion = 15.0.28307.421
MinimumVisualStudioVersion = 10.0.40219.1
Project("{FAE04EC0-301F-11D3-BF4B-00C04F79EFBC}") = "MVCTarea", "MVCTarea\MVCTarea.csproj", "{ED9194D9-0234-4CDA-988E-0F570A53CA87}"
EndProject
Project("{FAE04EC0-301F-11D3-BF4B-00C04F79EFBC}") = "APITarea", "APITarea\APITarea.csproj", "{D73CEEA9-96EF-4ADB-9331-31858B1C233C}"
EndProject
Global
	GlobalSection(SolutionConfigurationPlatforms) = preSolution
		Debug|Any CPU = Debug|Any CPU
		Release|Any CPU = Release|Any CPU
	EndGlobalSection
	GlobalSection(ProjectConfigurationPlatforms) = postSolution
		{ED9194D9-0234-4CDA-988E-0F570A53CA87}.Debug|Any CPU.ActiveCfg = Debug|Any CPU
		{ED9194D9-0234-4CDA-988E-0F570A53CA87}.Debug|Any CPU.Build.0 = Debug|Any CPU
		{ED9194D9-0234-4CDA-988E-0F570A53CA87}.Release|Any CPU.ActiveCfg = Release|Any CPU
		{ED9194D9-0234-4CDA-988E-0F570A53CA87}.Release|Any CPU.Build.0 = Release|Any CPU
		{D73CEEA9-96EF-4ADB-9331-31858B1C233C}.Debug|Any CPU.ActiveCfg = Debug|Any CPU
		{D73CEEA9-96EF-4ADB-9331-31858B1C233C}.Debug|Any CPU.Build.0 = Debug|Any CPU
		{D73CEEA9-96EF-4ADB-9331-31858B1C233C}.Release|Any CPU.ActiveCfg = Release|Any CPU
		{D73CEEA9-96EF-4ADB-9331-31858B1C233C}.Release|Any CPU.Build.0 = Release|Any CPU
	EndGlobalSection
	GlobalSection(SolutionProperties) = preSolution
		HideSolutionNode = FALSE
	EndGlobalSection
	GlobalSection(ExtensibilityGlobals) = postSolution
		SolutionGuid = {0F35B0E7-D09B-4D93-9488-5E273863F903}
	EndGlobalSection
EndGlobal
